// !$*UTF8*$!
{
	archiveVersion = 1;
	classes = {
	};
	objectVersion = 55;
	objects = {

/* Begin PBXBuildFile section */
		E854012F281756EC00382581 /* UnitConversionsApp.swift in Sources */ = {isa = PBXBuildFile; fileRef = E854012E281756EC00382581 /* UnitConversionsApp.swift */; };
		E8540131281756EC00382581 /* ContentView.swift in Sources */ = {isa = PBXBuildFile; fileRef = E8540130281756EC00382581 /* ContentView.swift */; };
		E8540133281756ED00382581 /* Assets.xcassets in Resources */ = {isa = PBXBuildFile; fileRef = E8540132281756ED00382581 /* Assets.xcassets */; };
		E8540136281756ED00382581 /* Preview Assets.xcassets in Resources */ = {isa = PBXBuildFile; fileRef = E8540135281756ED00382581 /* Preview Assets.xcassets */; };
		E8540140281756ED00382581 /* UnitConversionsTests.swift in Sources */ = {isa = PBXBuildFile; fileRef = E854013F281756ED00382581 /* UnitConversionsTests.swift */; };
		E854014A281756ED00382581 /* UnitConversionsUITests.swift in Sources */ = {isa = PBXBuildFile; fileRef = E8540149281756ED00382581 /* UnitConversionsUITests.swift */; };
		E854014C281756ED00382581 /* UnitConversionsUITestsLaunchTests.swift in Sources */ = {isa = PBXBuildFile; fileRef = E854014B281756ED00382581 /* UnitConversionsUITestsLaunchTests.swift */; };
/* End PBXBuildFile section */

/* Begin PBXContainerItemProxy section */
		E854013C281756ED00382581 /* PBXContainerItemProxy */ = {
			isa = PBXContainerItemProxy;
			containerPortal = E8540123281756EC00382581 /* Project object */;
			proxyType = 1;
			remoteGlobalIDString = E854012A281756EC00382581;
			remoteInfo = UnitConversions;
		};
		E8540146281756ED00382581 /* PBXContainerItemProxy */ = {
			isa = PBXContainerItemProxy;
			containerPortal = E8540123281756EC00382581 /* Project object */;
			proxyType = 1;
			remoteGlobalIDString = E854012A281756EC00382581;
			remoteInfo = UnitConversions;
		};
/* End PBXContainerItemProxy section */

/* Begin PBXFileReference section */
		E854012B281756EC00382581 /* UnitConversions.app */ = {isa = PBXFileReference; explicitFileType = wrapper.application; includeInIndex = 0; path = UnitConversions.app; sourceTree = BUILT_PRODUCTS_DIR; };
		E854012E281756EC00382581 /* UnitConversionsApp.swift */ = {isa = PBXFileReference; lastKnownFileType = sourcecode.swift; path = UnitConversionsApp.swift; sourceTree = "<group>"; };
		E8540130281756EC00382581 /* ContentView.swift */ = {isa = PBXFileReference; lastKnownFileType = sourcecode.swift; path = ContentView.swift; sourceTree = "<group>"; };
		E8540132281756ED00382581 /* Assets.xcassets */ = {isa = PBXFileReference; lastKnownFileType = folder.assetcatalog; path = Assets.xcassets; sourceTree = "<group>"; };
		E8540135281756ED00382581 /* Preview Assets.xcassets */ = {isa = PBXFileReference; lastKnownFileType = folder.assetcatalog; path = "Preview Assets.xcassets"; sourceTree = "<group>"; };
		E854013B281756ED00382581 /* UnitConversionsTests.xctest */ = {isa = PBXFileReference; explicitFileType = wrapper.cfbundle; includeInIndex = 0; path = UnitConversionsTests.xctest; sourceTree = BUILT_PRODUCTS_DIR; };
		E854013F281756ED00382581 /* UnitConversionsTests.swift */ = {isa = PBXFileReference; lastKnownFileType = sourcecode.swift; path = UnitConversionsTests.swift; sourceTree = "<group>"; };
		E8540145281756ED00382581 /* UnitConversionsUITests.xctest */ = {isa = PBXFileReference; explicitFileType = wrapper.cfbundle; includeInIndex = 0; path = UnitConversionsUITests.xctest; sourceTree = BUILT_PRODUCTS_DIR; };
		E8540149281756ED00382581 /* UnitConversionsUITests.swift */ = {isa = PBXFileReference; lastKnownFileType = sourcecode.swift; path = UnitConversionsUITests.swift; sourceTree = "<group>"; };
		E854014B281756ED00382581 /* UnitConversionsUITestsLaunchTests.swift */ = {isa = PBXFileReference; lastKnownFileType = sourcecode.swift; path = UnitConversionsUITestsLaunchTests.swift; sourceTree = "<group>"; };
/* End PBXFileReference section */

/* Begin PBXFrameworksBuildPhase section */
		E8540128281756EC00382581 /* Frameworks */ = {
			isa = PBXFrameworksBuildPhase;
			buildActionMask = 2147483647;
			files = (
			);
			runOnlyForDeploymentPostprocessing = 0;
		};
		E8540138281756ED00382581 /* Frameworks */ = {
			isa = PBXFrameworksBuildPhase;
			buildActionMask = 2147483647;
			files = (
			);
			runOnlyForDeploymentPostprocessing = 0;
		};
		E8540142281756ED00382581 /* Frameworks */ = {
			isa = PBXFrameworksBuildPhase;
			buildActionMask = 2147483647;
			files = (
			);
			runOnlyForDeploymentPostprocessing = 0;
		};
/* End PBXFrameworksBuildPhase section */

/* Begin PBXGroup section */
		E8540122281756EC00382581 = {
			isa = PBXGroup;
			children = (
				E854012D281756EC00382581 /* UnitConversions */,
				E854013E281756ED00382581 /* UnitConversionsTests */,
				E8540148281756ED00382581 /* UnitConversionsUITests */,
				E854012C281756EC00382581 /* Products */,
			);
			sourceTree = "<group>";
		};
		E854012C281756EC00382581 /* Products */ = {
			isa = PBXGroup;
			children = (
				E854012B281756EC00382581 /* UnitConversions.app */,
				E854013B281756ED00382581 /* UnitConversionsTests.xctest */,
				E8540145281756ED00382581 /* UnitConversionsUITests.xctest */,
			);
			name = Products;
			sourceTree = "<group>";
		};
		E854012D281756EC00382581 /* UnitConversions */ = {
			isa = PBXGroup;
			children = (
				E854012E281756EC00382581 /* UnitConversionsApp.swift */,
				E8540130281756EC00382581 /* ContentView.swift */,
				E8540132281756ED00382581 /* Assets.xcassets */,
				E8540134281756ED00382581 /* Preview Content */,
			);
			path = UnitConversions;
			sourceTree = "<group>";
		};
		E8540134281756ED00382581 /* Preview Content */ = {
			isa = PBXGroup;
			children = (
				E8540135281756ED00382581 /* Preview Assets.xcassets */,
			);
			path = "Preview Content";
			sourceTree = "<group>";
		};
		E854013E281756ED00382581 /* UnitConversionsTests */ = {
			isa = PBXGroup;
			children = (
				E854013F281756ED00382581 /* UnitConversionsTests.swift */,
			);
			path = UnitConversionsTests;
			sourceTree = "<group>";
		};
		E8540148281756ED00382581 /* UnitConversionsUITests */ = {
			isa = PBXGroup;
			children = (
				E8540149281756ED00382581 /* UnitConversionsUITests.swift */,
				E854014B281756ED00382581 /* UnitConversionsUITestsLaunchTests.swift */,
			);
			path = UnitConversionsUITests;
			sourceTree = "<group>";
		};
/* End PBXGroup section */

/* Begin PBXNativeTarget section */
		E854012A281756EC00382581 /* UnitConversions */ = {
			isa = PBXNativeTarget;
			buildConfigurationList = E854014F281756ED00382581 /* Build configuration list for PBXNativeTarget "UnitConversions" */;
			buildPhases = (
				E8540127281756EC00382581 /* Sources */,
				E8540128281756EC00382581 /* Frameworks */,
				E8540129281756EC00382581 /* Resources */,
			);
			buildRules = (
			);
			dependencies = (
			);
			name = UnitConversions;
			productName = UnitConversions;
			productReference = E854012B281756EC00382581 /* UnitConversions.app */;
			productType = "com.apple.product-type.application";
		};
		E854013A281756ED00382581 /* UnitConversionsTests */ = {
			isa = PBXNativeTarget;
			buildConfigurationList = E8540152281756ED00382581 /* Build configuration list for PBXNativeTarget "UnitConversionsTests" */;
			buildPhases = (
				E8540137281756ED00382581 /* Sources */,
				E8540138281756ED00382581 /* Frameworks */,
				E8540139281756ED00382581 /* Resources */,
			);
			buildRules = (
			);
			dependencies = (
				E854013D281756ED00382581 /* PBXTargetDependency */,
			);
			name = UnitConversionsTests;
			productName = UnitConversionsTests;
			productReference = E854013B281756ED00382581 /* UnitConversionsTests.xctest */;
			productType = "com.apple.product-type.bundle.unit-test";
		};
		E8540144281756ED00382581 /* UnitConversionsUITests */ = {
			isa = PBXNativeTarget;
			buildConfigurationList = E8540155281756ED00382581 /* Build configuration list for PBXNativeTarget "UnitConversionsUITests" */;
			buildPhases = (
				E8540141281756ED00382581 /* Sources */,
				E8540142281756ED00382581 /* Frameworks */,
				E8540143281756ED00382581 /* Resources */,
			);
			buildRules = (
			);
			dependencies = (
				E8540147281756ED00382581 /* PBXTargetDependency */,
			);
			name = UnitConversionsUITests;
			productName = UnitConversionsUITests;
			productReference = E8540145281756ED00382581 /* UnitConversionsUITests.xctest */;
			productType = "com.apple.product-type.bundle.ui-testing";
		};
/* End PBXNativeTarget section */

/* Begin PBXProject section */
		E8540123281756EC00382581 /* Project object */ = {
			isa = PBXProject;
			attributes = {
				BuildIndependentTargetsInParallel = 1;
				LastSwiftUpdateCheck = 1330;
				LastUpgradeCheck = 1330;
				TargetAttributes = {
					E854012A281756EC00382581 = {
						CreatedOnToolsVersion = 13.3.1;
					};
					E854013A281756ED00382581 = {
						CreatedOnToolsVersion = 13.3.1;
						TestTargetID = E854012A281756EC00382581;
					};
					E8540144281756ED00382581 = {
						CreatedOnToolsVersion = 13.3.1;
						TestTargetID = E854012A281756EC00382581;
					};
				};
			};
			buildConfigurationList = E8540126281756EC00382581 /* Build configuration list for PBXProject "UnitConversions" */;
			compatibilityVersion = "Xcode 13.0";
			developmentRegion = en;
			hasScannedForEncodings = 0;
			knownRegions = (
				en,
				Base,
			);
			mainGroup = E8540122281756EC00382581;
			productRefGroup = E854012C281756EC00382581 /* Products */;
			projectDirPath = "";
			projectRoot = "";
			targets = (
				E854012A281756EC00382581 /* UnitConversions */,
				E854013A281756ED00382581 /* UnitConversionsTests */,
				E8540144281756ED00382581 /* UnitConversionsUITests */,
			);
		};
/* End PBXProject section */

/* Begin PBXResourcesBuildPhase section */
		E8540129281756EC00382581 /* Resources */ = {
			isa = PBXResourcesBuildPhase;
			buildActionMask = 2147483647;
			files = (
				E8540136281756ED00382581 /* Preview Assets.xcassets in Resources */,
				E8540133281756ED00382581 /* Assets.xcassets in Resources */,
			);
			runOnlyForDeploymentPostprocessing = 0;
		};
		E8540139281756ED00382581 /* Resources */ = {
			isa = PBXResourcesBuildPhase;
			buildActionMask = 2147483647;
			files = (
			);
			runOnlyForDeploymentPostprocessing = 0;
		};
		E8540143281756ED00382581 /* Resources */ = {
			isa = PBXResourcesBuildPhase;
			buildActionMask = 2147483647;
			files = (
			);
			runOnlyForDeploymentPostprocessing = 0;
		};
/* End PBXResourcesBuildPhase section */

/* Begin PBXSourcesBuildPhase section */
		E8540127281756EC00382581 /* Sources */ = {
			isa = PBXSourcesBuildPhase;
			buildActionMask = 2147483647;
			files = (
				E8540131281756EC00382581 /* ContentView.swift in Sources */,
				E854012F281756EC00382581 /* UnitConversionsApp.swift in Sources */,
			);
			runOnlyForDeploymentPostprocessing = 0;
		};
		E8540137281756ED00382581 /* Sources */ = {
			isa = PBXSourcesBuildPhase;
			buildActionMask = 2147483647;
			files = (
				E8540140281756ED00382581 /* UnitConversionsTests.swift in Sources */,
			);
			runOnlyForDeploymentPostprocessing = 0;
		};
		E8540141281756ED00382581 /* Sources */ = {
			isa = PBXSourcesBuildPhase;
			buildActionMask = 2147483647;
			files = (
				E854014C281756ED00382581 /* UnitConversionsUITestsLaunchTests.swift in Sources */,
				E854014A281756ED00382581 /* UnitConversionsUITests.swift in Sources */,
			);
			runOnlyForDeploymentPostprocessing = 0;
		};
/* End PBXSourcesBuildPhase section */

/* Begin PBXTargetDependency section */
		E854013D281756ED00382581 /* PBXTargetDependency */ = {
			isa = PBXTargetDependency;
			target = E854012A281756EC00382581 /* UnitConversions */;
			targetProxy = E854013C281756ED00382581 /* PBXContainerItemProxy */;
		};
		E8540147281756ED00382581 /* PBXTargetDependency */ = {
			isa = PBXTargetDependency;
			target = E854012A281756EC00382581 /* UnitConversions */;
			targetProxy = E8540146281756ED00382581 /* PBXContainerItemProxy */;
		};
/* End PBXTargetDependency section */

/* Begin XCBuildConfiguration section */
		E854014D281756ED00382581 /* Debug */ = {
			isa = XCBuildConfiguration;
			buildSettings = {
				ALWAYS_SEARCH_USER_PATHS = NO;
				CLANG_ANALYZER_NONNULL = YES;
				CLANG_ANALYZER_NUMBER_OBJECT_CONVERSION = YES_AGGRESSIVE;
				CLANG_CXX_LANGUAGE_STANDARD = "gnu++17";
				CLANG_ENABLE_MODULES = YES;
				CLANG_ENABLE_OBJC_ARC = YES;
				CLANG_ENABLE_OBJC_WEAK = YES;
				CLANG_WARN_BLOCK_CAPTURE_AUTORELEASING = YES;
				CLANG_WARN_BOOL_CONVERSION = YES;
				CLANG_WARN_COMMA = YES;
				CLANG_WARN_CONSTANT_CONVERSION = YES;
				CLANG_WARN_DEPRECATED_OBJC_IMPLEMENTATIONS = YES;
				CLANG_WARN_DIRECT_OBJC_ISA_USAGE = YES_ERROR;
				CLANG_WARN_DOCUMENTATION_COMMENTS = YES;
				CLANG_WARN_EMPTY_BODY = YES;
				CLANG_WARN_ENUM_CONVERSION = YES;
				CLANG_WARN_INFINITE_RECURSION = YES;
				CLANG_WARN_INT_CONVERSION = YES;
				CLANG_WARN_NON_LITERAL_NULL_CONVERSION = YES;
				CLANG_WARN_OBJC_IMPLICIT_RETAIN_SELF = YES;
				CLANG_WARN_OBJC_LITERAL_CONVERSION = YES;
				CLANG_WARN_OBJC_ROOT_CLASS = YES_ERROR;
				CLANG_WARN_QUOTED_INCLUDE_IN_FRAMEWORK_HEADER = YES;
				CLANG_WARN_RANGE_LOOP_ANALYSIS = YES;
				CLANG_WARN_STRICT_PROTOTYPES = YES;
				CLANG_WARN_SUSPICIOUS_MOVE = YES;
				CLANG_WARN_UNGUARDED_AVAILABILITY = YES_AGGRESSIVE;
				CLANG_WARN_UNREACHABLE_CODE = YES;
				CLANG_WARN__DUPLICATE_METHOD_MATCH = YES;
				COPY_PHASE_STRIP = NO;
				DEBUG_INFORMATION_FORMAT = dwarf;
				ENABLE_STRICT_OBJC_MSGSEND = YES;
				ENABLE_TESTABILITY = YES;
				GCC_C_LANGUAGE_STANDARD = gnu11;
				GCC_DYNAMIC_NO_PIC = NO;
				GCC_NO_COMMON_BLOCKS = YES;
				GCC_OPTIMIZATION_LEVEL = 0;
				GCC_PREPROCESSOR_DEFINITIONS = (
					"DEBUG=1",
					"$(inherited)",
				);
				GCC_WARN_64_TO_32_BIT_CONVERSION = YES;
				GCC_WARN_ABOUT_RETURN_TYPE = YES_ERROR;
				GCC_WARN_UNDECLARED_SELECTOR = YES;
				GCC_WARN_UNINITIALIZED_AUTOS = YES_AGGRESSIVE;
				GCC_WARN_UNUSED_FUNCTION = YES;
				GCC_WARN_UNUSED_VARIABLE = YES;
				IPHONEOS_DEPLOYMENT_TARGET = 15.4;
				MTL_ENABLE_DEBUG_INFO = INCLUDE_SOURCE;
				MTL_FAST_MATH = YES;
				ONLY_ACTIVE_ARCH = YES;
				SDKROOT = iphoneos;
				SWIFT_ACTIVE_COMPILATION_CONDITIONS = DEBUG;
				SWIFT_OPTIMIZATION_LEVEL = "-Onone";
			};
			name = Debug;
		};
		E854014E281756ED00382581 /* Release */ = {
			isa = XCBuildConfiguration;
			buildSettings = {
				ALWAYS_SEARCH_USER_PATHS = NO;
				CLANG_ANALYZER_NONNULL = YES;
				CLANG_ANALYZER_NUMBER_OBJECT_CONVERSION = YES_AGGRESSIVE;
				CLANG_CXX_LANGUAGE_STANDARD = "gnu++17";
				CLANG_ENABLE_MODULES = YES;
				CLANG_ENABLE_OBJC_ARC = YES;
				CLANG_ENABLE_OBJC_WEAK = YES;
				CLANG_WARN_BLOCK_CAPTURE_AUTORELEASING = YES;
				CLANG_WARN_BOOL_CONVERSION = YES;
				CLANG_WARN_COMMA = YES;
				CLANG_WARN_CONSTANT_CONVERSION = YES;
				CLANG_WARN_DEPRECATED_OBJC_IMPLEMENTATIONS = YES;
				CLANG_WARN_DIRECT_OBJC_ISA_USAGE = YES_ERROR;
				CLANG_WARN_DOCUMENTATION_COMMENTS = YES;
				CLANG_WARN_EMPTY_BODY = YES;
				CLANG_WARN_ENUM_CONVERSION = YES;
				CLANG_WARN_INFINITE_RECURSION = YES;
				CLANG_WARN_INT_CONVERSION = YES;
				CLANG_WARN_NON_LITERAL_NULL_CONVERSION = YES;
				CLANG_WARN_OBJC_IMPLICIT_RETAIN_SELF = YES;
				CLANG_WARN_OBJC_LITERAL_CONVERSION = YES;
				CLANG_WARN_OBJC_ROOT_CLASS = YES_ERROR;
				CLANG_WARN_QUOTED_INCLUDE_IN_FRAMEWORK_HEADER = YES;
				CLANG_WARN_RANGE_LOOP_ANALYSIS = YES;
				CLANG_WARN_STRICT_PROTOTYPES = YES;
				CLANG_WARN_SUSPICIOUS_MOVE = YES;
				CLANG_WARN_UNGUARDED_AVAILABILITY = YES_AGGRESSIVE;
				CLANG_WARN_UNREACHABLE_CODE = YES;
				CLANG_WARN__DUPLICATE_METHOD_MATCH = YES;
				COPY_PHASE_STRIP = NO;
				DEBUG_INFORMATION_FORMAT = "dwarf-with-dsym";
				ENABLE_NS_ASSERTIONS = NO;
				ENABLE_STRICT_OBJC_MSGSEND = YES;
				GCC_C_LANGUAGE_STANDARD = gnu11;
				GCC_NO_COMMON_BLOCKS = YES;
				GCC_WARN_64_TO_32_BIT_CONVERSION = YES;
				GCC_WARN_ABOUT_RETURN_TYPE = YES_ERROR;
				GCC_WARN_UNDECLARED_SELECTOR = YES;
				GCC_WARN_UNINITIALIZED_AUTOS = YES_AGGRESSIVE;
				GCC_WARN_UNUSED_FUNCTION = YES;
				GCC_WARN_UNUSED_VARIABLE = YES;
				IPHONEOS_DEPLOYMENT_TARGET = 15.4;
				MTL_ENABLE_DEBUG_INFO = NO;
				MTL_FAST_MATH = YES;
				SDKROOT = iphoneos;
				SWIFT_COMPILATION_MODE = wholemodule;
				SWIFT_OPTIMIZATION_LEVEL = "-O";
				VALIDATE_PRODUCT = YES;
			};
			name = Release;
		};
		E8540150281756ED00382581 /* Debug */ = {
			isa = XCBuildConfiguration;
			buildSettings = {
				ASSETCATALOG_COMPILER_APPICON_NAME = AppIcon;
				ASSETCATALOG_COMPILER_GLOBAL_ACCENT_COLOR_NAME = AccentColor;
				CODE_SIGN_STYLE = Automatic;
				CURRENT_PROJECT_VERSION = 1;
				DEVELOPMENT_ASSET_PATHS = "\"UnitConversions/Preview Content\"";
				DEVELOPMENT_TEAM = 8GUTDV7B73;
				ENABLE_PREVIEWS = YES;
				GENERATE_INFOPLIST_FILE = YES;
				INFOPLIST_KEY_UIApplicationSceneManifest_Generation = YES;
				INFOPLIST_KEY_UIApplicationSupportsIndirectInputEvents = YES;
				INFOPLIST_KEY_UILaunchScreen_Generation = YES;
				INFOPLIST_KEY_UISupportedInterfaceOrientations_iPad = "UIInterfaceOrientationPortrait UIInterfaceOrientationPortraitUpsideDown UIInterfaceOrientationLandscapeLeft UIInterfaceOrientationLandscapeRight";
				INFOPLIST_KEY_UISupportedInterfaceOrientations_iPhone = "UIInterfaceOrientationPortrait UIInterfaceOrientationLandscapeLeft UIInterfaceOrientationLandscapeRight";
				LD_RUNPATH_SEARCH_PATHS = (
					"$(inherited)",
					"@executable_path/Frameworks",
				);
				MARKETING_VERSION = 1.0;
				PRODUCT_BUNDLE_IDENTIFIER = cc.UnitConversions;
				PRODUCT_NAME = "$(TARGET_NAME)";
				SWIFT_EMIT_LOC_STRINGS = YES;
				SWIFT_VERSION = 5.0;
				TARGETED_DEVICE_FAMILY = "1,2";
			};
			name = Debug;
		};
		E8540151281756ED00382581 /* Release */ = {
			isa = XCBuildConfiguration;
			buildSettings = {
				ASSETCATALOG_COMPILER_APPICON_NAME = AppIcon;
				ASSETCATALOG_COMPILER_GLOBAL_ACCENT_COLOR_NAME = AccentColor;
				CODE_SIGN_STYLE = Automatic;
				CURRENT_PROJECT_VERSION = 1;
				DEVELOPMENT_ASSET_PATHS = "\"UnitConversions/Preview Content\"";
				DEVELOPMENT_TEAM = 8GUTDV7B73;
				ENABLE_PREVIEWS = YES;
				GENERATE_INFOPLIST_FILE = YES;
				INFOPLIST_KEY_UIApplicationSceneManifest_Generation = YES;
				INFOPLIST_KEY_UIApplicationSupportsIndirectInputEvents = YES;
				INFOPLIST_KEY_UILaunchScreen_Generation = YES;
				INFOPLIST_KEY_UISupportedInterfaceOrientations_iPad = "UIInterfaceOrientationPortrait UIInterfaceOrientationPortraitUpsideDown UIInterfaceOrientationLandscapeLeft UIInterfaceOrientationLandscapeRight";
				INFOPLIST_KEY_UISupportedInterfaceOrientations_iPhone = "UIInterfaceOrientationPortrait UIInterfaceOrientationLandscapeLeft UIInterfaceOrientationLandscapeRight";
				LD_RUNPATH_SEARCH_PATHS = (
					"$(inherited)",
					"@executable_path/Frameworks",
				);
				MARKETING_VERSION = 1.0;
				PRODUCT_BUNDLE_IDENTIFIER = cc.UnitConversions;
				PRODUCT_NAME = "$(TARGET_NAME)";
				SWIFT_EMIT_LOC_STRINGS = YES;
				SWIFT_VERSION = 5.0;
				TARGETED_DEVICE_FAMILY = "1,2";
			};
			name = Release;
		};
		E8540153281756ED00382581 /* Debug */ = {
			isa = XCBuildConfiguration;
			buildSettings = {
				ALWAYS_EMBED_SWIFT_STANDARD_LIBRARIES = YES;
				BUNDLE_LOADER = "$(TEST_HOST)";
				CODE_SIGN_STYLE = Automatic;
				CURRENT_PROJECT_VERSION = 1;
				DEVELOPMENT_TEAM = 8GUTDV7B73;
				GENERATE_INFOPLIST_FILE = YES;
				IPHONEOS_DEPLOYMENT_TARGET = 15.4;
				MARKETING_VERSION = 1.0;
				PRODUCT_BUNDLE_IDENTIFIER = cc.UnitConversionsTests;
				PRODUCT_NAME = "$(TARGET_NAME)";
				SWIFT_EMIT_LOC_STRINGS = NO;
				SWIFT_VERSION = 5.0;
				TARGETED_DEVICE_FAMILY = "1,2";
				TEST_HOST = "$(BUILT_PRODUCTS_DIR)/UnitConversions.app/UnitConversions";
			};
			name = Debug;
		};
		E8540154281756ED00382581 /* Release */ = {
			isa = XCBuildConfiguration;
			buildSettings = {
				ALWAYS_EMBED_SWIFT_STANDARD_LIBRARIES = YES;
				BUNDLE_LOADER = "$(TEST_HOST)";
				CODE_SIGN_STYLE = Automatic;
				CURRENT_PROJECT_VERSION = 1;
				DEVELOPMENT_TEAM = 8GUTDV7B73;
				GENERATE_INFOPLIST_FILE = YES;
				IPHONEOS_DEPLOYMENT_TARGET = 15.4;
				MARKETING_VERSION = 1.0;
				PRODUCT_BUNDLE_IDENTIFIER = cc.UnitConversionsTests;
				PRODUCT_NAME = "$(TARGET_NAME)";
				SWIFT_EMIT_LOC_STRINGS = NO;
				SWIFT_VERSION = 5.0;
				TARGETED_DEVICE_FAMILY = "1,2";
				TEST_HOST = "$(BUILT_PRODUCTS_DIR)/UnitConversions.app/UnitConversions";
			};
			name = Release;
		};
		E8540156281756ED00382581 /* Debug */ = {
			isa = XCBuildConfiguration;
			buildSettings = {
				ALWAYS_EMBED_SWIFT_STANDARD_LIBRARIES = YES;
				CODE_SIGN_STYLE = Automatic;
				CURRENT_PROJECT_VERSION = 1;
				DEVELOPMENT_TEAM = 8GUTDV7B73;
				GENERATE_INFOPLIST_FILE = YES;
				MARKETING_VERSION = 1.0;
				PRODUCT_BUNDLE_IDENTIFIER = cc.UnitConversionsUITests;
				PRODUCT_NAME = "$(TARGET_NAME)";
				SWIFT_EMIT_LOC_STRINGS = NO;
				SWIFT_VERSION = 5.0;
				TARGETED_DEVICE_FAMILY = "1,2";
				TEST_TARGET_NAME = UnitConversions;
			};
			name = Debug;
		};
		E8540157281756ED00382581 /* Release */ = {
			isa = XCBuildConfiguration;
			buildSettings = {
				ALWAYS_EMBED_SWIFT_STANDARD_LIBRARIES = YES;
				CODE_SIGN_STYLE = Automatic;
				CURRENT_PROJECT_VERSION = 1;
				DEVELOPMENT_TEAM = 8GUTDV7B73;
				GENERATE_INFOPLIST_FILE = YES;
				MARKETING_VERSION = 1.0;
				PRODUCT_BUNDLE_IDENTIFIER = cc.UnitConversionsUITests;
				PRODUCT_NAME = "$(TARGET_NAME)";
				SWIFT_EMIT_LOC_STRINGS = NO;
				SWIFT_VERSION = 5.0;
				TARGETED_DEVICE_FAMILY = "1,2";
				TEST_TARGET_NAME = UnitConversions;
			};
			name = Release;
		};
/* End XCBuildConfiguration section */

/* Begin XCConfigurationList section */
		E8540126281756EC00382581 /* Build configuration list for PBXProject "UnitConversions" */ = {
			isa = XCConfigurationList;
			buildConfigurations = (
				E854014D281756ED00382581 /* Debug */,
				E854014E281756ED00382581 /* Release */,
			);
			defaultConfigurationIsVisible = 0;
			defaultConfigurationName = Release;
		};
		E854014F281756ED00382581 /* Build configuration list for PBXNativeTarget "UnitConversions" */ = {
			isa = XCConfigurationList;
			buildConfigurations = (
				E8540150281756ED00382581 /* Debug */,
				E8540151281756ED00382581 /* Release */,
			);
			defaultConfigurationIsVisible = 0;
			defaultConfigurationName = Release;
		};
		E8540152281756ED00382581 /* Build configuration list for PBXNativeTarget "UnitConversionsTests" */ = {
			isa = XCConfigurationList;
			buildConfigurations = (
				E8540153281756ED00382581 /* Debug */,
				E8540154281756ED00382581 /* Release */,
			);
			defaultConfigurationIsVisible = 0;
			defaultConfigurationName = Release;
		};
		E8540155281756ED00382581 /* Build configuration list for PBXNativeTarget "UnitConversionsUITests" */ = {
			isa = XCConfigurationList;
			buildConfigurations = (
				E8540156281756ED00382581 /* Debug */,
				E8540157281756ED00382581 /* Release */,
			);
			defaultConfigurationIsVisible = 0;
			defaultConfigurationName = Release;
		};
/* End XCConfigurationList section */
	};
	rootObject = E8540123281756EC00382581 /* Project object */;
}
